
Microsoft Visual Studio Solution File, Format Version 11.00
# Visual Studio 2010
Project("{FAE04EC0-301F-11D3-BF4B-00C04F79EFBC}") = "MyUTExt", "References\MyUTExt\MyUTExt.csproj", "{A397D468-E8BC-4B2A-A5A5-4ED69ED81328}"
EndProject
Project("{FAE04EC0-301F-11D3-BF4B-00C04F79EFBC}") = "TestRunner", "TestRunner\TestRunner.csproj", "{BE029DEE-B993-404B-8AB0-09EF84355C7E}"
EndProject
Project("{FAE04EC0-301F-11D3-BF4B-00C04F79EFBC}") = "Cassandra.Native", "Cassandra.Native\Cassandra.Native.csproj", "{6E8C45DA-D958-4C75-98C3-B54C883299A2}"
EndProject
Project("{FAE04EC0-301F-11D3-BF4B-00C04F79EFBC}") = "Cassandra.Native.Test", "Cassandra.Native.Test\Cassandra.Native.Test.csproj", "{D222E239-F11B-487E-819F-73FB732B6AD8}"
EndProject
Project("{FAE04EC0-301F-11D3-BF4B-00C04F79EFBC}") = "Cassandra.Native.BigNumbers", "Cassandra.Native.BigNumbers\Cassandra.Native.BigNumbers.csproj", "{23C840A5-4DA7-4902-852F-5D447CAA0929}"
EndProject
Global
	GlobalSection(SolutionConfigurationPlatforms) = preSolution
		Debug|Any CPU = Debug|Any CPU
		Debug|Mixed Platforms = Debug|Mixed Platforms
		Debug|x86 = Debug|x86
		Release|Any CPU = Release|Any CPU
		Release|Mixed Platforms = Release|Mixed Platforms
		Release|x86 = Release|x86
	EndGlobalSection
	GlobalSection(ProjectConfigurationPlatforms) = postSolution
		{A397D468-E8BC-4B2A-A5A5-4ED69ED81328}.Debug|Any CPU.ActiveCfg = Debug|Any CPU
		{A397D468-E8BC-4B2A-A5A5-4ED69ED81328}.Debug|Any CPU.Build.0 = Debug|Any CPU
		{A397D468-E8BC-4B2A-A5A5-4ED69ED81328}.Debug|Mixed Platforms.ActiveCfg = Debug|Any CPU
		{A397D468-E8BC-4B2A-A5A5-4ED69ED81328}.Debug|Mixed Platforms.Build.0 = Debug|Any CPU
		{A397D468-E8BC-4B2A-A5A5-4ED69ED81328}.Debug|x86.ActiveCfg = Debug|Any CPU
		{A397D468-E8BC-4B2A-A5A5-4ED69ED81328}.Release|Any CPU.ActiveCfg = Release|Any CPU
		{A397D468-E8BC-4B2A-A5A5-4ED69ED81328}.Release|Any CPU.Build.0 = Release|Any CPU
		{A397D468-E8BC-4B2A-A5A5-4ED69ED81328}.Release|Mixed Platforms.ActiveCfg = Release|Any CPU
		{A397D468-E8BC-4B2A-A5A5-4ED69ED81328}.Release|Mixed Platforms.Build.0 = Release|Any CPU
		{A397D468-E8BC-4B2A-A5A5-4ED69ED81328}.Release|x86.ActiveCfg = Release|Any CPU
		{BE029DEE-B993-404B-8AB0-09EF84355C7E}.Debug|Any CPU.ActiveCfg = Debug|x86
		{BE029DEE-B993-404B-8AB0-09EF84355C7E}.Debug|Mixed Platforms.ActiveCfg = Debug|x86
		{BE029DEE-B993-404B-8AB0-09EF84355C7E}.Debug|Mixed Platforms.Build.0 = Debug|x86
		{BE029DEE-B993-404B-8AB0-09EF84355C7E}.Debug|x86.ActiveCfg = Debug|x86
		{BE029DEE-B993-404B-8AB0-09EF84355C7E}.Debug|x86.Build.0 = Debug|x86
		{BE029DEE-B993-404B-8AB0-09EF84355C7E}.Release|Any CPU.ActiveCfg = Release|x86
		{BE029DEE-B993-404B-8AB0-09EF84355C7E}.Release|Mixed Platforms.ActiveCfg = Release|x86
		{BE029DEE-B993-404B-8AB0-09EF84355C7E}.Release|Mixed Platforms.Build.0 = Release|x86
		{BE029DEE-B993-404B-8AB0-09EF84355C7E}.Release|x86.ActiveCfg = Release|x86
		{BE029DEE-B993-404B-8AB0-09EF84355C7E}.Release|x86.Build.0 = Release|x86
		{6E8C45DA-D958-4C75-98C3-B54C883299A2}.Debug|Any CPU.ActiveCfg = Debug|x86
		{6E8C45DA-D958-4C75-98C3-B54C883299A2}.Debug|Mixed Platforms.ActiveCfg = Debug|x86
		{6E8C45DA-D958-4C75-98C3-B54C883299A2}.Debug|Mixed Platforms.Build.0 = Debug|x86
		{6E8C45DA-D958-4C75-98C3-B54C883299A2}.Debug|x86.ActiveCfg = Debug|x86
		{6E8C45DA-D958-4C75-98C3-B54C883299A2}.Debug|x86.Build.0 = Debug|x86
		{6E8C45DA-D958-4C75-98C3-B54C883299A2}.Release|Any CPU.ActiveCfg = Release|x86
		{6E8C45DA-D958-4C75-98C3-B54C883299A2}.Release|Mixed Platforms.ActiveCfg = Release|x86
		{6E8C45DA-D958-4C75-98C3-B54C883299A2}.Release|Mixed Platforms.Build.0 = Release|x86
		{6E8C45DA-D958-4C75-98C3-B54C883299A2}.Release|x86.ActiveCfg = Release|x86
		{6E8C45DA-D958-4C75-98C3-B54C883299A2}.Release|x86.Build.0 = Release|x86
		{D222E239-F11B-487E-819F-73FB732B6AD8}.Debug|Any CPU.ActiveCfg = Debug|Any CPU
		{D222E239-F11B-487E-819F-73FB732B6AD8}.Debug|Any CPU.Build.0 = Debug|Any CPU
		{D222E239-F11B-487E-819F-73FB732B6AD8}.Debug|Mixed Platforms.ActiveCfg = Debug|Any CPU
		{D222E239-F11B-487E-819F-73FB732B6AD8}.Debug|Mixed Platforms.Build.0 = Debug|Any CPU
		{D222E239-F11B-487E-819F-73FB732B6AD8}.Debug|x86.ActiveCfg = Debug|Any CPU
		{D222E239-F11B-487E-819F-73FB732B6AD8}.Release|Any CPU.ActiveCfg = Release|Any CPU
		{D222E239-F11B-487E-819F-73FB732B6AD8}.Release|Any CPU.Build.0 = Release|Any CPU
		{D222E239-F11B-487E-819F-73FB732B6AD8}.Release|Mixed Platforms.ActiveCfg = Release|Any CPU
		{D222E239-F11B-487E-819F-73FB732B6AD8}.Release|Mixed Platforms.Build.0 = Release|Any CPU
		{D222E239-F11B-487E-819F-73FB732B6AD8}.Release|x86.ActiveCfg = Release|Any CPU
		{23C840A5-4DA7-4902-852F-5D447CAA0929}.Debug|Any CPU.ActiveCfg = Debug|Any CPU
		{23C840A5-4DA7-4902-852F-5D447CAA0929}.Debug|Any CPU.Build.0 = Debug|Any CPU
		{23C840A5-4DA7-4902-852F-5D447CAA0929}.Debug|Mixed Platforms.ActiveCfg = Debug|Any CPU
		{23C840A5-4DA7-4902-852F-5D447CAA0929}.Debug|Mixed Platforms.Build.0 = Debug|Any CPU
		{23C840A5-4DA7-4902-852F-5D447CAA0929}.Debug|x86.ActiveCfg = Debug|Any CPU
		{23C840A5-4DA7-4902-852F-5D447CAA0929}.Release|Any CPU.ActiveCfg = Release|Any CPU
		{23C840A5-4DA7-4902-852F-5D447CAA0929}.Release|Any CPU.Build.0 = Release|Any CPU
		{23C840A5-4DA7-4902-852F-5D447CAA0929}.Release|Mixed Platforms.ActiveCfg = Release|Any CPU
		{23C840A5-4DA7-4902-852F-5D447CAA0929}.Release|Mixed Platforms.Build.0 = Release|Any CPU
		{23C840A5-4DA7-4902-852F-5D447CAA0929}.Release|x86.ActiveCfg = Release|Any CPU
	EndGlobalSection
	GlobalSection(SolutionProperties) = preSolution
		HideSolutionNode = FALSE
	EndGlobalSection
EndGlobal
