
Microsoft Visual Studio Solution File, Format Version 11.00
# Visual Studio 2010
Project("{FAE04EC0-301F-11D3-BF4B-00C04F79EFBC}") = "Cassandra.Net20", "Cassandra\Cassandra.Net20.csproj", "{FEB5DABD-3857-4A60-8A1D-306A4C8B7A0C}"
EndProject
Project("{2150E333-8FDC-42A3-9474-1A3956D46DE8}") = "Solution Items", "Solution Items", "{7594DF9A-1A28-4446-A5F9-B4059444F546}"
	ProjectSection(SolutionItems) = preProject
		Cassandra.vsmdi = Cassandra.vsmdi
		Local.testsettings = Local.testsettings
		TraceAndTestImpact.testsettings = TraceAndTestImpact.testsettings
	EndProjectSection
EndProject
Project("{FAE04EC0-301F-11D3-BF4B-00C04F79EFBC}") = "Cassandra.MSTest", "Cassandra.MSTest\Cassandra.MSTest.csproj", "{11DB4AF5-7318-4CF0-9C56-2A6584CF138C}"
EndProject

Global
	GlobalSection(TestCaseManagementSettings) = postSolution
		CategoryFile = Cassandra.vsmdi
	EndGlobalSection
	GlobalSection(SolutionConfigurationPlatforms) = preSolution
		Debug|Any CPU = Debug|Any CPU
		Debug|Mixed Platforms = Debug|Mixed Platforms
		Debug|x86 = Debug|x86
		Release|Any CPU = Release|Any CPU
		Release|Mixed Platforms = Release|Mixed Platforms
		Release|x86 = Release|x86
	EndGlobalSection
	GlobalSection(ProjectConfigurationPlatforms) = postSolution
		{FEB5DABD-3857-4A60-8A1D-306A4C8B7A0C}.Debug|Any CPU.ActiveCfg = Debug|Any CPU
		{FEB5DABD-3857-4A60-8A1D-306A4C8B7A0C}.Debug|Any CPU.Build.0 = Debug|Any CPU
		{FEB5DABD-3857-4A60-8A1D-306A4C8B7A0C}.Debug|Mixed Platforms.ActiveCfg = Debug|Any CPU
		{FEB5DABD-3857-4A60-8A1D-306A4C8B7A0C}.Debug|Mixed Platforms.Build.0 = Debug|Any CPU
		{FEB5DABD-3857-4A60-8A1D-306A4C8B7A0C}.Debug|x86.ActiveCfg = Debug|Any CPU
		{FEB5DABD-3857-4A60-8A1D-306A4C8B7A0C}.Release|Any CPU.ActiveCfg = Release|Any CPU
		{FEB5DABD-3857-4A60-8A1D-306A4C8B7A0C}.Release|Any CPU.Build.0 = Release|Any CPU
		{FEB5DABD-3857-4A60-8A1D-306A4C8B7A0C}.Release|Mixed Platforms.ActiveCfg = Release|Any CPU
		{FEB5DABD-3857-4A60-8A1D-306A4C8B7A0C}.Release|Mixed Platforms.Build.0 = Release|Any CPU
		{FEB5DABD-3857-4A60-8A1D-306A4C8B7A0C}.Release|x86.ActiveCfg = Release|Any CPU
	EndGlobalSection
	GlobalSection(SolutionProperties) = preSolution
		HideSolutionNode = FALSE
	EndGlobalSection
EndGlobal
