
Microsoft Visual Studio Solution File, Format Version 12.00
# Visual Studio 15
VisualStudioVersion = 15.0.28307.705
MinimumVisualStudioVersion = 10.0.40219.1
Project("{FAE04EC0-301F-11D3-BF4B-00C04F79EFBC}") = "DataStaxStyle", "DataStaxStyle\DataStaxStyle.csproj", "{5372E41C-98BF-4A18-8D50-940042CFA0D6}"
EndProject
Global
	GlobalSection(SolutionConfigurationPlatforms) = preSolution
		Debug|Any CPU = Debug|Any CPU
		Release|Any CPU = Release|Any CPU
	EndGlobalSection
	GlobalSection(ProjectConfigurationPlatforms) = postSolution
		{5372E41C-98BF-4A18-8D50-940042CFA0D6}.Debug|Any CPU.ActiveCfg = Debug|Any CPU
		{5372E41C-98BF-4A18-8D50-940042CFA0D6}.Debug|Any CPU.Build.0 = Debug|Any CPU
		{5372E41C-98BF-4A18-8D50-940042CFA0D6}.Release|Any CPU.ActiveCfg = Release|Any CPU
		{5372E41C-98BF-4A18-8D50-940042CFA0D6}.Release|Any CPU.Build.0 = Release|Any CPU
	EndGlobalSection
	GlobalSection(SolutionProperties) = preSolution
		HideSolutionNode = FALSE
	EndGlobalSection
	GlobalSection(ExtensibilityGlobals) = postSolution
		SolutionGuid = {31AA177F-E19E-4DED-9DB7-D0AB101EA94E}
	EndGlobalSection
EndGlobal
