
Microsoft Visual Studio Solution File, Format Version 12.00
# Visual Studio 2013
VisualStudioVersion = 12.0.21005.1
MinimumVisualStudioVersion = 10.0.40219.1
Project("{2150E333-8FDC-42A3-9474-1A3956D46DE8}") = "Driver", "Driver", "{40A36B44-3C60-4A40-BD8E-0CCA651E8B68}"
EndProject
Project("{FAE04EC0-301F-11D3-BF4B-00C04F79EFBC}") = "Cassandra", "..\Cassandra\Cassandra.csproj", "{6E8C45DA-D958-4C75-98C3-B54C883299A2}"
EndProject
Project("{FAE04EC0-301F-11D3-BF4B-00C04F79EFBC}") = "Cassandra.Data", "..\Cassandra.Data\Cassandra.Data.csproj", "{EE00CE02-F1E6-4F7D-B43C-F6FADCE4C72B}"
EndProject
Project("{FAE04EC0-301F-11D3-BF4B-00C04F79EFBC}") = "Cassandra.Data.Linq", "..\Cassandra.Data.Linq\Cassandra.Data.Linq.csproj", "{7FD62B8B-365D-48D6-8C21-2EF215294F64}"
EndProject
Project("{FAE04EC0-301F-11D3-BF4B-00C04F79EFBC}") = "Cassandra.DSE", "..\Cassandra.DSE\Cassandra.DSE.csproj", "{63B858E0-A7A8-4849-9069-58CE6A18771B}"
EndProject
Project("{FAE04EC0-301F-11D3-BF4B-00C04F79EFBC}") = "CassandraSamples", "CassandraSamples\CassandraSamples.csproj", "{748BCAC4-1230-4608-9D20-E54AD71C5734}"
EndProject
Global
	GlobalSection(SolutionConfigurationPlatforms) = preSolution
		Debug|Any CPU = Debug|Any CPU
		Debug|Mixed Platforms = Debug|Mixed Platforms
		Debug|x86 = Debug|x86
		Release|Any CPU = Release|Any CPU
		Release|Mixed Platforms = Release|Mixed Platforms
		Release|x86 = Release|x86
	EndGlobalSection
	GlobalSection(ProjectConfigurationPlatforms) = postSolution
		{6E8C45DA-D958-4C75-98C3-B54C883299A2}.Debug|Any CPU.ActiveCfg = Debug|Any CPU
		{6E8C45DA-D958-4C75-98C3-B54C883299A2}.Debug|Any CPU.Build.0 = Debug|Any CPU
		{6E8C45DA-D958-4C75-98C3-B54C883299A2}.Debug|Mixed Platforms.ActiveCfg = Debug|Any CPU
		{6E8C45DA-D958-4C75-98C3-B54C883299A2}.Debug|Mixed Platforms.Build.0 = Debug|Any CPU
		{6E8C45DA-D958-4C75-98C3-B54C883299A2}.Debug|x86.ActiveCfg = Debug|Any CPU
		{6E8C45DA-D958-4C75-98C3-B54C883299A2}.Release|Any CPU.ActiveCfg = Release|Any CPU
		{6E8C45DA-D958-4C75-98C3-B54C883299A2}.Release|Any CPU.Build.0 = Release|Any CPU
		{6E8C45DA-D958-4C75-98C3-B54C883299A2}.Release|Mixed Platforms.ActiveCfg = Release|Any CPU
		{6E8C45DA-D958-4C75-98C3-B54C883299A2}.Release|Mixed Platforms.Build.0 = Release|Any CPU
		{6E8C45DA-D958-4C75-98C3-B54C883299A2}.Release|x86.ActiveCfg = Release|Any CPU
		{EE00CE02-F1E6-4F7D-B43C-F6FADCE4C72B}.Debug|Any CPU.ActiveCfg = Debug|Any CPU
		{EE00CE02-F1E6-4F7D-B43C-F6FADCE4C72B}.Debug|Any CPU.Build.0 = Debug|Any CPU
		{EE00CE02-F1E6-4F7D-B43C-F6FADCE4C72B}.Debug|Mixed Platforms.ActiveCfg = Debug|Any CPU
		{EE00CE02-F1E6-4F7D-B43C-F6FADCE4C72B}.Debug|Mixed Platforms.Build.0 = Debug|Any CPU
		{EE00CE02-F1E6-4F7D-B43C-F6FADCE4C72B}.Debug|x86.ActiveCfg = Debug|Any CPU
		{EE00CE02-F1E6-4F7D-B43C-F6FADCE4C72B}.Release|Any CPU.ActiveCfg = Release|Any CPU
		{EE00CE02-F1E6-4F7D-B43C-F6FADCE4C72B}.Release|Any CPU.Build.0 = Release|Any CPU
		{EE00CE02-F1E6-4F7D-B43C-F6FADCE4C72B}.Release|Mixed Platforms.ActiveCfg = Release|Any CPU
		{EE00CE02-F1E6-4F7D-B43C-F6FADCE4C72B}.Release|Mixed Platforms.Build.0 = Release|Any CPU
		{EE00CE02-F1E6-4F7D-B43C-F6FADCE4C72B}.Release|x86.ActiveCfg = Release|Any CPU
		{7FD62B8B-365D-48D6-8C21-2EF215294F64}.Debug|Any CPU.ActiveCfg = Debug|Any CPU
		{7FD62B8B-365D-48D6-8C21-2EF215294F64}.Debug|Any CPU.Build.0 = Debug|Any CPU
		{7FD62B8B-365D-48D6-8C21-2EF215294F64}.Debug|Mixed Platforms.ActiveCfg = Debug|Any CPU
		{7FD62B8B-365D-48D6-8C21-2EF215294F64}.Debug|Mixed Platforms.Build.0 = Debug|Any CPU
		{7FD62B8B-365D-48D6-8C21-2EF215294F64}.Debug|x86.ActiveCfg = Debug|Any CPU
		{7FD62B8B-365D-48D6-8C21-2EF215294F64}.Release|Any CPU.ActiveCfg = Release|Any CPU
		{7FD62B8B-365D-48D6-8C21-2EF215294F64}.Release|Any CPU.Build.0 = Release|Any CPU
		{7FD62B8B-365D-48D6-8C21-2EF215294F64}.Release|Mixed Platforms.ActiveCfg = Release|Any CPU
		{7FD62B8B-365D-48D6-8C21-2EF215294F64}.Release|Mixed Platforms.Build.0 = Release|Any CPU
		{7FD62B8B-365D-48D6-8C21-2EF215294F64}.Release|x86.ActiveCfg = Release|Any CPU
		{63B858E0-A7A8-4849-9069-58CE6A18771B}.Debug|Any CPU.ActiveCfg = Debug|Any CPU
		{63B858E0-A7A8-4849-9069-58CE6A18771B}.Debug|Any CPU.Build.0 = Debug|Any CPU
		{63B858E0-A7A8-4849-9069-58CE6A18771B}.Debug|Mixed Platforms.ActiveCfg = Debug|Any CPU
		{63B858E0-A7A8-4849-9069-58CE6A18771B}.Debug|Mixed Platforms.Build.0 = Debug|Any CPU
		{63B858E0-A7A8-4849-9069-58CE6A18771B}.Debug|x86.ActiveCfg = Debug|Any CPU
		{63B858E0-A7A8-4849-9069-58CE6A18771B}.Release|Any CPU.ActiveCfg = Release|Any CPU
		{63B858E0-A7A8-4849-9069-58CE6A18771B}.Release|Any CPU.Build.0 = Release|Any CPU
		{63B858E0-A7A8-4849-9069-58CE6A18771B}.Release|Mixed Platforms.ActiveCfg = Release|Any CPU
		{63B858E0-A7A8-4849-9069-58CE6A18771B}.Release|Mixed Platforms.Build.0 = Release|Any CPU
		{63B858E0-A7A8-4849-9069-58CE6A18771B}.Release|x86.ActiveCfg = Release|Any CPU
		{748BCAC4-1230-4608-9D20-E54AD71C5734}.Debug|Any CPU.ActiveCfg = Debug|Any CPU
		{748BCAC4-1230-4608-9D20-E54AD71C5734}.Debug|Any CPU.Build.0 = Debug|Any CPU
		{748BCAC4-1230-4608-9D20-E54AD71C5734}.Debug|Mixed Platforms.ActiveCfg = Debug|Any CPU
		{748BCAC4-1230-4608-9D20-E54AD71C5734}.Debug|Mixed Platforms.Build.0 = Debug|Any CPU
		{748BCAC4-1230-4608-9D20-E54AD71C5734}.Debug|x86.ActiveCfg = Debug|Any CPU
		{748BCAC4-1230-4608-9D20-E54AD71C5734}.Release|Any CPU.ActiveCfg = Release|Any CPU
		{748BCAC4-1230-4608-9D20-E54AD71C5734}.Release|Any CPU.Build.0 = Release|Any CPU
		{748BCAC4-1230-4608-9D20-E54AD71C5734}.Release|Mixed Platforms.ActiveCfg = Release|Any CPU
		{748BCAC4-1230-4608-9D20-E54AD71C5734}.Release|Mixed Platforms.Build.0 = Release|Any CPU
		{748BCAC4-1230-4608-9D20-E54AD71C5734}.Release|x86.ActiveCfg = Release|Any CPU
	EndGlobalSection
	GlobalSection(SolutionProperties) = preSolution
		HideSolutionNode = FALSE
	EndGlobalSection
	GlobalSection(NestedProjects) = preSolution
		{6E8C45DA-D958-4C75-98C3-B54C883299A2} = {40A36B44-3C60-4A40-BD8E-0CCA651E8B68}
		{EE00CE02-F1E6-4F7D-B43C-F6FADCE4C72B} = {40A36B44-3C60-4A40-BD8E-0CCA651E8B68}
		{7FD62B8B-365D-48D6-8C21-2EF215294F64} = {40A36B44-3C60-4A40-BD8E-0CCA651E8B68}
		{63B858E0-A7A8-4849-9069-58CE6A18771B} = {40A36B44-3C60-4A40-BD8E-0CCA651E8B68}
	EndGlobalSection
EndGlobal
