
Microsoft Visual Studio Solution File, Format Version 12.00
# Visual Studio Version 17
VisualStudioVersion = 17.4.33110.190
MinimumVisualStudioVersion = 15.0
Project("{2150E333-8FDC-42A3-9474-1A3956D46DE8}") = "Driver", "Driver", "{343488BE-0304-44B0-B19C-5D6FA2B1186E}"
EndProject
Project("{9A19103F-16F7-4668-BE54-9A1E7A4F7556}") = "Cassandra", "Cassandra\Cassandra.csproj", "{249D9AB1-1CB0-400E-8FB0-8E7C1C98C923}"
EndProject
Project("{9A19103F-16F7-4668-BE54-9A1E7A4F7556}") = "Cassandra.IntegrationTests", "Cassandra.IntegrationTests\Cassandra.IntegrationTests.csproj", "{A68FC72B-569E-49EA-BE94-E2A594824A2E}"
EndProject
Project("{9A19103F-16F7-4668-BE54-9A1E7A4F7556}") = "Cassandra.Tests", "Cassandra.Tests\Cassandra.Tests.csproj", "{21DDE658-5BCB-4845-BC2F-47B102E3E522}"
EndProject
Project("{2150E333-8FDC-42A3-9474-1A3956D46DE8}") = "Extensions", "Extensions", "{33EA4AFB-736A-48FB-B6BB-0E8F1163ABF0}"
EndProject
Project("{9A19103F-16F7-4668-BE54-9A1E7A4F7556}") = "Cassandra.AppMetrics", "Extensions\Cassandra.AppMetrics\Cassandra.AppMetrics.csproj", "{93FA7B24-7B58-42E5-89E6-7F8023B03BA3}"
EndProject
Project("{2150E333-8FDC-42A3-9474-1A3956D46DE8}") = "Solution Items", "Solution Items", "{B18A61A0-8552-476C-AE41-ED8F39396754}"
	ProjectSection(SolutionItems) = preProject
		.editorconfig = .editorconfig
		stylecop.json = stylecop.json
	EndProjectSection
EndProject
Project("{9A19103F-16F7-4668-BE54-9A1E7A4F7556}") = "Cassandra.OpenTelemetry", "Extensions\Cassandra.OpenTelemetry\Cassandra.OpenTelemetry.csproj", "{FF5E5BE8-9144-4917-A009-C4FC369084CF}"
EndProject
Global
	GlobalSection(SolutionConfigurationPlatforms) = preSolution
		Debug|Any CPU = Debug|Any CPU
		Release|Any CPU = Release|Any CPU
	EndGlobalSection
	GlobalSection(ProjectConfigurationPlatforms) = postSolution
		{249D9AB1-1CB0-400E-8FB0-8E7C1C98C923}.Debug|Any CPU.ActiveCfg = Debug|Any CPU
		{249D9AB1-1CB0-400E-8FB0-8E7C1C98C923}.Debug|Any CPU.Build.0 = Debug|Any CPU
		{249D9AB1-1CB0-400E-8FB0-8E7C1C98C923}.Release|Any CPU.ActiveCfg = Release|Any CPU
		{249D9AB1-1CB0-400E-8FB0-8E7C1C98C923}.Release|Any CPU.Build.0 = Release|Any CPU
		{A68FC72B-569E-49EA-BE94-E2A594824A2E}.Debug|Any CPU.ActiveCfg = Debug|Any CPU
		{A68FC72B-569E-49EA-BE94-E2A594824A2E}.Debug|Any CPU.Build.0 = Debug|Any CPU
		{A68FC72B-569E-49EA-BE94-E2A594824A2E}.Release|Any CPU.ActiveCfg = Release|Any CPU
		{A68FC72B-569E-49EA-BE94-E2A594824A2E}.Release|Any CPU.Build.0 = Release|Any CPU
		{21DDE658-5BCB-4845-BC2F-47B102E3E522}.Debug|Any CPU.ActiveCfg = Debug|Any CPU
		{21DDE658-5BCB-4845-BC2F-47B102E3E522}.Debug|Any CPU.Build.0 = Debug|Any CPU
		{21DDE658-5BCB-4845-BC2F-47B102E3E522}.Release|Any CPU.ActiveCfg = Release|Any CPU
		{21DDE658-5BCB-4845-BC2F-47B102E3E522}.Release|Any CPU.Build.0 = Release|Any CPU
		{93FA7B24-7B58-42E5-89E6-7F8023B03BA3}.Debug|Any CPU.ActiveCfg = Debug|Any CPU
		{93FA7B24-7B58-42E5-89E6-7F8023B03BA3}.Debug|Any CPU.Build.0 = Debug|Any CPU
		{93FA7B24-7B58-42E5-89E6-7F8023B03BA3}.Release|Any CPU.ActiveCfg = Release|Any CPU
		{93FA7B24-7B58-42E5-89E6-7F8023B03BA3}.Release|Any CPU.Build.0 = Release|Any CPU
		{FF5E5BE8-9144-4917-A009-C4FC369084CF}.Debug|Any CPU.ActiveCfg = Debug|Any CPU
		{FF5E5BE8-9144-4917-A009-C4FC369084CF}.Debug|Any CPU.Build.0 = Debug|Any CPU
		{FF5E5BE8-9144-4917-A009-C4FC369084CF}.Release|Any CPU.ActiveCfg = Release|Any CPU
		{FF5E5BE8-9144-4917-A009-C4FC369084CF}.Release|Any CPU.Build.0 = Release|Any CPU
	EndGlobalSection
	GlobalSection(SolutionProperties) = preSolution
		HideSolutionNode = FALSE
	EndGlobalSection
	GlobalSection(NestedProjects) = preSolution
		{249D9AB1-1CB0-400E-8FB0-8E7C1C98C923} = {343488BE-0304-44B0-B19C-5D6FA2B1186E}
		{A68FC72B-569E-49EA-BE94-E2A594824A2E} = {343488BE-0304-44B0-B19C-5D6FA2B1186E}
		{21DDE658-5BCB-4845-BC2F-47B102E3E522} = {343488BE-0304-44B0-B19C-5D6FA2B1186E}
		{93FA7B24-7B58-42E5-89E6-7F8023B03BA3} = {33EA4AFB-736A-48FB-B6BB-0E8F1163ABF0}
		{FF5E5BE8-9144-4917-A009-C4FC369084CF} = {33EA4AFB-736A-48FB-B6BB-0E8F1163ABF0}
	EndGlobalSection
	GlobalSection(ExtensibilityGlobals) = postSolution
		SolutionGuid = {B8534DFA-1600-4E72-A2FB-AEC7DB33CD01}
	EndGlobalSection
EndGlobal
