
Microsoft Visual Studio Solution File, Format Version 12.00
# Visual Studio 15
VisualStudioVersion = 15.0.26403.0
MinimumVisualStudioVersion = 15.0
Project("{9A19103F-16F7-4668-BE54-9A1E7A4F7556}") = "Cassandra", "Cassandra\Cassandra.csproj", "{CD3ECE56-DB5A-4C1D-8863-8D91DC21F321}"
EndProject
Project("{9A19103F-16F7-4668-BE54-9A1E7A4F7556}") = "Cassandra.Tests", "Cassandra.Tests\Cassandra.Tests.csproj", "{670A9F87-822C-4DD3-877A-178135C3C9A1}"
EndProject
Project("{9A19103F-16F7-4668-BE54-9A1E7A4F7556}") = "Cassandra.IntegrationTests", "Cassandra.IntegrationTests\Cassandra.IntegrationTests.csproj", "{6E9E4BBB-7FFD-4337-8639-6F52DCACD591}"
EndProject
Global
	GlobalSection(SolutionConfigurationPlatforms) = preSolution
		Debug|Any CPU = Debug|Any CPU
		Release|Any CPU = Release|Any CPU
	EndGlobalSection
	GlobalSection(ProjectConfigurationPlatforms) = postSolution
		{CD3ECE56-DB5A-4C1D-8863-8D91DC21F321}.Debug|Any CPU.ActiveCfg = Debug|Any CPU
		{CD3ECE56-DB5A-4C1D-8863-8D91DC21F321}.Debug|Any CPU.Build.0 = Debug|Any CPU
		{CD3ECE56-DB5A-4C1D-8863-8D91DC21F321}.Release|Any CPU.ActiveCfg = Release|Any CPU
		{CD3ECE56-DB5A-4C1D-8863-8D91DC21F321}.Release|Any CPU.Build.0 = Release|Any CPU
		{670A9F87-822C-4DD3-877A-178135C3C9A1}.Debug|Any CPU.ActiveCfg = Debug|Any CPU
		{670A9F87-822C-4DD3-877A-178135C3C9A1}.Debug|Any CPU.Build.0 = Debug|Any CPU
		{670A9F87-822C-4DD3-877A-178135C3C9A1}.Release|Any CPU.ActiveCfg = Release|Any CPU
		{670A9F87-822C-4DD3-877A-178135C3C9A1}.Release|Any CPU.Build.0 = Release|Any CPU
		{6E9E4BBB-7FFD-4337-8639-6F52DCACD591}.Debug|Any CPU.ActiveCfg = Debug|Any CPU
		{6E9E4BBB-7FFD-4337-8639-6F52DCACD591}.Debug|Any CPU.Build.0 = Debug|Any CPU
		{6E9E4BBB-7FFD-4337-8639-6F52DCACD591}.Release|Any CPU.ActiveCfg = Release|Any CPU
		{6E9E4BBB-7FFD-4337-8639-6F52DCACD591}.Release|Any CPU.Build.0 = Release|Any CPU
	EndGlobalSection
	GlobalSection(SolutionProperties) = preSolution
		HideSolutionNode = FALSE
	EndGlobalSection
EndGlobal
