
Microsoft Visual Studio Solution File, Format Version 12.00
# Visual Studio 2012
Project("{FAE04EC0-301F-11D3-BF4B-00C04F79EFBC}") = "Cassandra.Data.Linq", "Cassandra.Data.Linq\Cassandra.Data.Linq.csproj", "{7FD62B8B-365D-48D6-8C21-2EF215294F64}"
EndProject
Project("{FAE04EC0-301F-11D3-BF4B-00C04F79EFBC}") = "Playground", "Playground\Playground.csproj", "{F51B8A01-65A5-437D-BCE1-DE829C89E92A}"
EndProject
Project("{FAE04EC0-301F-11D3-BF4B-00C04F79EFBC}") = "Cassandra", "Cassandra\Cassandra.csproj", "{6E8C45DA-D958-4C75-98C3-B54C883299A2}"
EndProject
Project("{FAE04EC0-301F-11D3-BF4B-00C04F79EFBC}") = "TPLSample", "TPLSample\TPLSample.csproj", "{69462DEF-5085-4675-A61D-B329882F949E}"
EndProject
Project("{FAE04EC0-301F-11D3-BF4B-00C04F79EFBC}") = "LinqSamples", "LinqSamples\LinqSamples.csproj", "{A05921D4-E1BE-4F2B-BC51-04AE1748E8C0}"
EndProject
Project("{FAE04EC0-301F-11D3-BF4B-00C04F79EFBC}") = "Cassandra.Data", "Cassandra.Data\Cassandra.Data.csproj", "{EE00CE02-F1E6-4F7D-B43C-F6FADCE4C72B}"
EndProject
Project("{FAE04EC0-301F-11D3-BF4B-00C04F79EFBC}") = "Cassandra.Data.MyTest", "Cassandra.Data.MSTest\Cassandra.Data.MyTest.csproj", "{04B64E0C-CE89-4921-AA2F-E7BC55ACEF3A}"
EndProject
Project("{FAE04EC0-301F-11D3-BF4B-00C04F79EFBC}") = "MyTestRun", "MyTestRun\MyTestRun.csproj", "{BE029DEE-B993-404B-8AB0-09EF84355C7E}"
EndProject
Project("{FAE04EC0-301F-11D3-BF4B-00C04F79EFBC}") = "MyTestLib", "MyTestRun\MyTestLib\MyTestLib.csproj", "{E8876ACA-CFC9-43B5-892A-8A1B772B0406}"
EndProject
Project("{FAE04EC0-301F-11D3-BF4B-00C04F79EFBC}") = "Cassandra.MyTest", "Cassandra.MSTest\Cassandra.MyTest.csproj", "{D222E239-F11B-487E-819F-73FB732B6AD8}"
EndProject
Project("{FAE04EC0-301F-11D3-BF4B-00C04F79EFBC}") = "Cassandra.Data.Linq.MyTest", "Cassandra.Data.Linq.MSTest\Cassandra.Data.Linq.MyTest.csproj", "{D62DCBEA-758F-4FB7-AAEC-5F430EEFF04B}"
EndProject
Project("{FAE04EC0-301F-11D3-BF4B-00C04F79EFBC}") = "CCMBridge", "CCMBridge\CCMBridge.csproj", "{45A2F5D8-B314-498A-9556-85A772E88A07}"
EndProject
Project("{FAE04EC0-301F-11D3-BF4B-00C04F79EFBC}") = "Cassandra.DSE", "Cassandra.DSE\Cassandra.DSE.csproj", "{63B858E0-A7A8-4849-9069-58CE6A18771B}"
EndProject
Global
	GlobalSection(TestCaseManagementSettings) = postSolution
		CategoryFile = Cassandra.vsmdi
	EndGlobalSection
	GlobalSection(SolutionConfigurationPlatforms) = preSolution
		Debug|Any CPU = Debug|Any CPU
		Release|Any CPU = Release|Any CPU
	EndGlobalSection
	GlobalSection(ProjectConfigurationPlatforms) = postSolution
		{7FD62B8B-365D-48D6-8C21-2EF215294F64}.Debug|Any CPU.ActiveCfg = Debug|Any CPU
		{7FD62B8B-365D-48D6-8C21-2EF215294F64}.Debug|Any CPU.Build.0 = Debug|Any CPU
		{7FD62B8B-365D-48D6-8C21-2EF215294F64}.Release|Any CPU.ActiveCfg = Release|Any CPU
		{7FD62B8B-365D-48D6-8C21-2EF215294F64}.Release|Any CPU.Build.0 = Release|Any CPU
		{F51B8A01-65A5-437D-BCE1-DE829C89E92A}.Debug|Any CPU.ActiveCfg = Debug|Any CPU
		{F51B8A01-65A5-437D-BCE1-DE829C89E92A}.Debug|Any CPU.Build.0 = Debug|Any CPU
		{F51B8A01-65A5-437D-BCE1-DE829C89E92A}.Release|Any CPU.ActiveCfg = Release|Any CPU
		{F51B8A01-65A5-437D-BCE1-DE829C89E92A}.Release|Any CPU.Build.0 = Release|Any CPU
		{6E8C45DA-D958-4C75-98C3-B54C883299A2}.Debug|Any CPU.ActiveCfg = Debug|Any CPU
		{6E8C45DA-D958-4C75-98C3-B54C883299A2}.Debug|Any CPU.Build.0 = Debug|Any CPU
		{6E8C45DA-D958-4C75-98C3-B54C883299A2}.Release|Any CPU.ActiveCfg = Release|Any CPU
		{6E8C45DA-D958-4C75-98C3-B54C883299A2}.Release|Any CPU.Build.0 = Release|Any CPU
		{69462DEF-5085-4675-A61D-B329882F949E}.Debug|Any CPU.ActiveCfg = Debug|Any CPU
		{69462DEF-5085-4675-A61D-B329882F949E}.Debug|Any CPU.Build.0 = Debug|Any CPU
		{69462DEF-5085-4675-A61D-B329882F949E}.Release|Any CPU.ActiveCfg = Release|Any CPU
		{69462DEF-5085-4675-A61D-B329882F949E}.Release|Any CPU.Build.0 = Release|Any CPU
		{A05921D4-E1BE-4F2B-BC51-04AE1748E8C0}.Debug|Any CPU.ActiveCfg = Debug|Any CPU
		{A05921D4-E1BE-4F2B-BC51-04AE1748E8C0}.Debug|Any CPU.Build.0 = Debug|Any CPU
		{A05921D4-E1BE-4F2B-BC51-04AE1748E8C0}.Release|Any CPU.ActiveCfg = Release|Any CPU
		{A05921D4-E1BE-4F2B-BC51-04AE1748E8C0}.Release|Any CPU.Build.0 = Release|Any CPU
		{EE00CE02-F1E6-4F7D-B43C-F6FADCE4C72B}.Debug|Any CPU.ActiveCfg = Debug|Any CPU
		{EE00CE02-F1E6-4F7D-B43C-F6FADCE4C72B}.Debug|Any CPU.Build.0 = Debug|Any CPU
		{EE00CE02-F1E6-4F7D-B43C-F6FADCE4C72B}.Release|Any CPU.ActiveCfg = Release|Any CPU
		{EE00CE02-F1E6-4F7D-B43C-F6FADCE4C72B}.Release|Any CPU.Build.0 = Release|Any CPU
		{04B64E0C-CE89-4921-AA2F-E7BC55ACEF3A}.Debug|Any CPU.ActiveCfg = Debug|Any CPU
		{04B64E0C-CE89-4921-AA2F-E7BC55ACEF3A}.Debug|Any CPU.Build.0 = Debug|Any CPU
		{04B64E0C-CE89-4921-AA2F-E7BC55ACEF3A}.Release|Any CPU.ActiveCfg = Release|Any CPU
		{04B64E0C-CE89-4921-AA2F-E7BC55ACEF3A}.Release|Any CPU.Build.0 = Release|Any CPU
		{BE029DEE-B993-404B-8AB0-09EF84355C7E}.Debug|Any CPU.ActiveCfg = Debug|Any CPU
		{BE029DEE-B993-404B-8AB0-09EF84355C7E}.Debug|Any CPU.Build.0 = Debug|Any CPU
		{BE029DEE-B993-404B-8AB0-09EF84355C7E}.Release|Any CPU.ActiveCfg = Release|Any CPU
		{BE029DEE-B993-404B-8AB0-09EF84355C7E}.Release|Any CPU.Build.0 = Release|Any CPU
		{E8876ACA-CFC9-43B5-892A-8A1B772B0406}.Debug|Any CPU.ActiveCfg = Debug|Any CPU
		{E8876ACA-CFC9-43B5-892A-8A1B772B0406}.Debug|Any CPU.Build.0 = Debug|Any CPU
		{E8876ACA-CFC9-43B5-892A-8A1B772B0406}.Release|Any CPU.ActiveCfg = Release|Any CPU
		{E8876ACA-CFC9-43B5-892A-8A1B772B0406}.Release|Any CPU.Build.0 = Release|Any CPU
		{D222E239-F11B-487E-819F-73FB732B6AD8}.Debug|Any CPU.ActiveCfg = Debug|Any CPU
		{D222E239-F11B-487E-819F-73FB732B6AD8}.Debug|Any CPU.Build.0 = Debug|Any CPU
		{D222E239-F11B-487E-819F-73FB732B6AD8}.Release|Any CPU.ActiveCfg = Release|Any CPU
		{D222E239-F11B-487E-819F-73FB732B6AD8}.Release|Any CPU.Build.0 = Release|Any CPU
		{D62DCBEA-758F-4FB7-AAEC-5F430EEFF04B}.Debug|Any CPU.ActiveCfg = Debug|Any CPU
		{D62DCBEA-758F-4FB7-AAEC-5F430EEFF04B}.Debug|Any CPU.Build.0 = Debug|Any CPU
		{D62DCBEA-758F-4FB7-AAEC-5F430EEFF04B}.Release|Any CPU.ActiveCfg = Release|Any CPU
		{D62DCBEA-758F-4FB7-AAEC-5F430EEFF04B}.Release|Any CPU.Build.0 = Release|Any CPU
		{45A2F5D8-B314-498A-9556-85A772E88A07}.Debug|Any CPU.ActiveCfg = Debug|Any CPU
		{45A2F5D8-B314-498A-9556-85A772E88A07}.Debug|Any CPU.Build.0 = Debug|Any CPU
		{45A2F5D8-B314-498A-9556-85A772E88A07}.Release|Any CPU.ActiveCfg = Release|Any CPU
		{45A2F5D8-B314-498A-9556-85A772E88A07}.Release|Any CPU.Build.0 = Release|Any CPU
		{63B858E0-A7A8-4849-9069-58CE6A18771B}.Debug|Any CPU.ActiveCfg = Debug|Any CPU
		{63B858E0-A7A8-4849-9069-58CE6A18771B}.Debug|Any CPU.Build.0 = Debug|Any CPU
		{63B858E0-A7A8-4849-9069-58CE6A18771B}.Release|Any CPU.ActiveCfg = Release|Any CPU
		{63B858E0-A7A8-4849-9069-58CE6A18771B}.Release|Any CPU.Build.0 = Release|Any CPU
	EndGlobalSection
	GlobalSection(SolutionProperties) = preSolution
		HideSolutionNode = FALSE
	EndGlobalSection
	GlobalSection(MonoDevelopProperties) = preSolution
		StartupItem = MyTestRun\MyTestRun.csproj
		Policies = $0
		$0.DotNetNamingPolicy = $1
		$1.DirectoryNamespaceAssociation = None
		$1.ResourceNamePolicy = FileFormatDefault
		$0.TextStylePolicy = $2
		$2.inheritsSet = null
		$2.scope = text/x-csharp
		$0.CSharpFormattingPolicy = $3
		$3.ElseIfNewLinePlacement = SameLine
		$3.AfterDelegateDeclarationParameterComma = True
		$3.inheritsSet = Mono
		$3.inheritsScope = text/x-csharp
		$3.scope = text/x-csharp
		$0.StandardHeader = $4
		$4.Text = 
		$4.IncludeInNewFiles = True
		$0.NameConventionPolicy = $5
		$5.Rules = $6
		$6.NamingRule = $26
		$7.Name = Namespaces
		$7.AffectedEntity = Namespace
		$7.VisibilityMask = VisibilityMask
		$7.NamingStyle = PascalCase
		$7.IncludeInstanceMembers = True
		$7.IncludeStaticEntities = True
		$8.Name = Types
		$8.AffectedEntity = Class, Struct, Enum, Delegate
		$8.VisibilityMask = Public
		$8.NamingStyle = PascalCase
		$8.IncludeInstanceMembers = True
		$8.IncludeStaticEntities = True
		$9.Name = Interfaces
		$9.RequiredPrefixes = $10
		$10.String = I
		$9.AffectedEntity = Interface
		$9.VisibilityMask = Public
		$9.NamingStyle = PascalCase
		$9.IncludeInstanceMembers = True
		$9.IncludeStaticEntities = True
		$11.Name = Attributes
		$11.RequiredSuffixes = $12
		$12.String = Attribute
		$11.AffectedEntity = CustomAttributes
		$11.VisibilityMask = Public
		$11.NamingStyle = PascalCase
		$11.IncludeInstanceMembers = True
		$11.IncludeStaticEntities = True
		$13.Name = Event Arguments
		$13.RequiredSuffixes = $14
		$14.String = EventArgs
		$13.AffectedEntity = CustomEventArgs
		$13.VisibilityMask = Public
		$13.NamingStyle = PascalCase
		$13.IncludeInstanceMembers = True
		$13.IncludeStaticEntities = True
		$15.Name = Exceptions
		$15.RequiredSuffixes = $16
		$16.String = Exception
		$15.AffectedEntity = CustomExceptions
		$15.VisibilityMask = VisibilityMask
		$15.NamingStyle = PascalCase
		$15.IncludeInstanceMembers = True
		$15.IncludeStaticEntities = True
		$17.Name = Methods
		$17.AffectedEntity = Methods
		$17.VisibilityMask = Protected, Public
		$17.NamingStyle = PascalCase
		$17.IncludeInstanceMembers = True
		$17.IncludeStaticEntities = True
		$18.Name = Static Readonly Fields
		$18.AffectedEntity = ReadonlyField
		$18.VisibilityMask = Protected, Public
		$18.NamingStyle = PascalCase
		$18.IncludeInstanceMembers = False
		$18.IncludeStaticEntities = True
		$19.Name = Fields
		$19.AffectedEntity = Field
		$19.VisibilityMask = Protected, Public
		$19.NamingStyle = PascalCase
		$19.IncludeInstanceMembers = True
		$19.IncludeStaticEntities = True
		$20.Name = ReadOnly Fields
		$20.AffectedEntity = ReadonlyField
		$20.VisibilityMask = Protected, Public
		$20.NamingStyle = PascalCase
		$20.IncludeInstanceMembers = True
		$20.IncludeStaticEntities = False
		$21.Name = Constant Fields
		$21.AffectedEntity = ConstantField
		$21.VisibilityMask = Protected, Public
		$21.NamingStyle = PascalCase
		$21.IncludeInstanceMembers = True
		$21.IncludeStaticEntities = True
		$22.Name = Properties
		$22.AffectedEntity = Property
		$22.VisibilityMask = Protected, Public
		$22.NamingStyle = PascalCase
		$22.IncludeInstanceMembers = True
		$22.IncludeStaticEntities = True
		$23.Name = Events
		$23.AffectedEntity = Event
		$23.VisibilityMask = Protected, Public
		$23.NamingStyle = PascalCase
		$23.IncludeInstanceMembers = True
		$23.IncludeStaticEntities = True
		$24.Name = Enum Members
		$24.AffectedEntity = EnumMember
		$24.VisibilityMask = VisibilityMask
		$24.NamingStyle = PascalCase
		$24.IncludeInstanceMembers = True
		$24.IncludeStaticEntities = True
		$25.Name = Parameters
		$25.AffectedEntity = Parameter
		$25.VisibilityMask = VisibilityMask
		$25.NamingStyle = CamelCase
		$25.IncludeInstanceMembers = True
		$25.IncludeStaticEntities = True
		$26.Name = Type Parameters
		$26.RequiredPrefixes = $27
		$27.String = T
		$26.AffectedEntity = TypeParameter
		$26.VisibilityMask = VisibilityMask
		$26.NamingStyle = PascalCase
		$26.IncludeInstanceMembers = True
		$26.IncludeStaticEntities = True
		$0.VersionControlPolicy = $28
		$28.inheritsSet = Mono
		$0.ChangeLogPolicy = $29
		$29.UpdateMode = None
		$29.MessageStyle = $30
		$30.LineAlign = 0
		$29.inheritsSet = Mono
	EndGlobalSection
EndGlobal
