
Microsoft Visual Studio Solution File, Format Version 12.00
# Visual Studio 14
VisualStudioVersion = 14.0.25420.1
MinimumVisualStudioVersion = 10.0.40219.1
Project("{FAE04EC0-301F-11D3-BF4B-00C04F79EFBC}") = "Dse", "Dse\Dse.csproj", "{A70CA3C8-DA71-4592-B593-C0FEE5FB9938}"
EndProject
Project("{FAE04EC0-301F-11D3-BF4B-00C04F79EFBC}") = "Dse.Test.Unit", "Dse.Test.Unit\Dse.Test.Unit.csproj", "{332B1297-749E-4D57-A7BC-11CD8D859B86}"
EndProject
Project("{FAE04EC0-301F-11D3-BF4B-00C04F79EFBC}") = "Dse.Test.Integration", "Dse.Test.Integration\Dse.Test.Integration.csproj", "{608F2DE4-1251-4156-B81A-BAD364FAE26C}"
EndProject
Project("{2150E333-8FDC-42A3-9474-1A3956D46DE8}") = ".nuget", ".nuget", "{60F46961-CD89-499E-9E14-8326394D54BC}"
	ProjectSection(SolutionItems) = preProject
		.nuget\NuGet.Config = .nuget\NuGet.Config
		.nuget\NuGet.exe = .nuget\NuGet.exe
		.nuget\NuGet.targets = .nuget\NuGet.targets
	EndProjectSection
EndProject
Project("{2150E333-8FDC-42A3-9474-1A3956D46DE8}") = "Build", "Build", "{4E8FBC4A-2362-4428-9B81-F3A406360A5D}"
	ProjectSection(SolutionItems) = preProject
		..\build\pack.bat = ..\build\pack.bat
	EndProjectSection
EndProject
Global
	GlobalSection(SolutionConfigurationPlatforms) = preSolution
		Debug|Any CPU = Debug|Any CPU
		Release|Any CPU = Release|Any CPU
	EndGlobalSection
	GlobalSection(ProjectConfigurationPlatforms) = postSolution
		{A70CA3C8-DA71-4592-B593-C0FEE5FB9938}.Debug|Any CPU.ActiveCfg = Debug|Any CPU
		{A70CA3C8-DA71-4592-B593-C0FEE5FB9938}.Debug|Any CPU.Build.0 = Debug|Any CPU
		{A70CA3C8-DA71-4592-B593-C0FEE5FB9938}.Release|Any CPU.ActiveCfg = Release|Any CPU
		{A70CA3C8-DA71-4592-B593-C0FEE5FB9938}.Release|Any CPU.Build.0 = Release|Any CPU
		{332B1297-749E-4D57-A7BC-11CD8D859B86}.Debug|Any CPU.ActiveCfg = Debug|Any CPU
		{332B1297-749E-4D57-A7BC-11CD8D859B86}.Debug|Any CPU.Build.0 = Debug|Any CPU
		{332B1297-749E-4D57-A7BC-11CD8D859B86}.Release|Any CPU.ActiveCfg = Release|Any CPU
		{332B1297-749E-4D57-A7BC-11CD8D859B86}.Release|Any CPU.Build.0 = Release|Any CPU
		{608F2DE4-1251-4156-B81A-BAD364FAE26C}.Debug|Any CPU.ActiveCfg = Debug|Any CPU
		{608F2DE4-1251-4156-B81A-BAD364FAE26C}.Debug|Any CPU.Build.0 = Debug|Any CPU
		{608F2DE4-1251-4156-B81A-BAD364FAE26C}.Release|Any CPU.ActiveCfg = Release|Any CPU
		{608F2DE4-1251-4156-B81A-BAD364FAE26C}.Release|Any CPU.Build.0 = Release|Any CPU
	EndGlobalSection
	GlobalSection(SolutionProperties) = preSolution
		HideSolutionNode = FALSE
	EndGlobalSection
EndGlobal
